
Microsoft Visual Studio Solution File, Format Version 12.00
# Visual Studio Version 16
VisualStudioVersion = 16.0.33927.289
MinimumVisualStudioVersion = 10.0.40219.1
Project("{2150E333-8FDC-42A3-9474-1A3956D46DE8}") = "Task0", "Task0", "{C277A965-7E72-48EE-A6A4-2ABD98F316D0}"
EndProject
Project("{FAE04EC0-301F-11D3-BF4B-00C04F79EFBC}") = "Tyuiu.ButakovIK.Sprint4.Task0.V12", "Tyuiu.ButakovIK.Sprint4.Task0.V12\Tyuiu.ButakovIK.Sprint4.Task0.V12.csproj", "{0639CB91-888B-4A30-AA08-4DA5CD56EF41}"
EndProject
Project("{FAE04EC0-301F-11D3-BF4B-00C04F79EFBC}") = "Tyuiu.ButakovIK.Sprint4.Task0.V12.Lib", "Tyuiu.ButakovIK.Sprint4.Task0.V12.Lib\Tyuiu.ButakovIK.Sprint4.Task0.V12.Lib.csproj", "{E5ECE4C7-0475-45FB-B075-34181F9EE474}"
EndProject
Project("{FAE04EC0-301F-11D3-BF4B-00C04F79EFBC}") = "Tyuiu.ButakovIK.Sprint4.Task0.V12.Test", "Tyuiu.ButakovIK.Sprint4.Task0.V12.Test\Tyuiu.ButakovIK.Sprint4.Task0.V12.Test.csproj", "{0ACB5B2B-DC49-4EC1-9EB1-6ED45FA5B805}"
EndProject
Project("{2150E333-8FDC-42A3-9474-1A3956D46DE8}") = "Task1", "Task1", "{980D7F3B-F325-40A5-A947-246FBCB1EA47}"
EndProject
Project("{FAE04EC0-301F-11D3-BF4B-00C04F79EFBC}") = "Tyuiu.ButakovIK.Sprint4.Task1.V27", "Tyuiu.ButakovIK.Sprint4.Task1.V27\Tyuiu.ButakovIK.Sprint4.Task1.V27.csproj", "{CDF37B9F-83B6-4C84-A5C0-1974619C2A71}"
EndProject
Project("{FAE04EC0-301F-11D3-BF4B-00C04F79EFBC}") = "Tyuiu.ButakovIK.Sprint4.Task1.V27.Lib", "Tyuiu.ButakovIK.Sprint4.Task1.V27.Lib\Tyuiu.ButakovIK.Sprint4.Task1.V27.Lib.csproj", "{ECF5A6E3-9491-42EF-82D9-EE8FB93BBD18}"
EndProject
Project("{FAE04EC0-301F-11D3-BF4B-00C04F79EFBC}") = "Tyuiu.ButakovIK.Sprint4.Task1.V27.Test", "Tyuiu.ButakovIK.Sprint4.Task1.V27.Test\Tyuiu.ButakovIK.Sprint4.Task1.V27.Test.csproj", "{253736E5-D764-4D95-93EE-C738609ABA79}"
EndProject
Project("{2150E333-8FDC-42A3-9474-1A3956D46DE8}") = "Task2", "Task2", "{9CFAF64D-5AE0-4D4B-8C98-8E5F083D0262}"
EndProject
Project("{FAE04EC0-301F-11D3-BF4B-00C04F79EFBC}") = "Tyuiu.ButakovIK.Sprint4.Task2.V11", "Tyuiu.ButakovIK.Sprint4.Task2.V11\Tyuiu.ButakovIK.Sprint4.Task2.V11.csproj", "{63BECB67-5643-47DD-8146-941AD5438F1E}"
EndProject
Project("{FAE04EC0-301F-11D3-BF4B-00C04F79EFBC}") = "Tyuiu.ButakovIK.Sprint4.Task2.V11.Lib", "Tyuiu.ButakovIK.Sprint4.Task2.V11.Lib\Tyuiu.ButakovIK.Sprint4.Task2.V11.Lib.csproj", "{DEE07270-F21E-4A2C-BF74-1FD6C024DF52}"
EndProject
Project("{FAE04EC0-301F-11D3-BF4B-00C04F79EFBC}") = "Tyuiu.ButakovIK.Sprint4.Task2.V11.Test", "Tyuiu.ButakovIK.Sprint4.Task2.V11.Test\Tyuiu.ButakovIK.Sprint4.Task2.V11.Test.csproj", "{91C8D15F-08EB-4164-9DD9-5DBCC89E3389}"
EndProject
Project("{2150E333-8FDC-42A3-9474-1A3956D46DE8}") = "Task3", "Task3", "{A182E9FE-544A-4891-9292-D338D066C7A5}"
EndProject
Project("{FAE04EC0-301F-11D3-BF4B-00C04F79EFBC}") = "Tyuiu.ButakovIK.Sprint4.Task3.V9", "Tyuiu.ButakovIK.Sprint4.Task3.V9\Tyuiu.ButakovIK.Sprint4.Task3.V9.csproj", "{9E4453EE-92C6-49CB-A901-B40F18C09C38}"
EndProject
Project("{FAE04EC0-301F-11D3-BF4B-00C04F79EFBC}") = "Tyuiu.ButakovIK.Sprint4.Task3.V9.Test", "Tyuiu.ButakovIK.Sprint4.Task3.V9.Test\Tyuiu.ButakovIK.Sprint4.Task3.V9.Test.csproj", "{340D3DB5-4443-4986-B836-9BF34431A0A8}"
EndProject
Project("{FAE04EC0-301F-11D3-BF4B-00C04F79EFBC}") = "Tyuiu.ButakovIK.Sprint4.Task3.V9.Lib", "Tyuiu.ButakovIK.Sprint4.Task3.V9.Lib\Tyuiu.ButakovIK.Sprint4.Task3.V9.Lib.csproj", "{6636B69F-A0FD-4BB9-BC50-A4261B4B6C42}"
EndProject
Global
	GlobalSection(SolutionConfigurationPlatforms) = preSolution
		Debug|Any CPU = Debug|Any CPU
		Release|Any CPU = Release|Any CPU
	EndGlobalSection
	GlobalSection(ProjectConfigurationPlatforms) = postSolution
		{0639CB91-888B-4A30-AA08-4DA5CD56EF41}.Debug|Any CPU.ActiveCfg = Debug|Any CPU
		{0639CB91-888B-4A30-AA08-4DA5CD56EF41}.Debug|Any CPU.Build.0 = Debug|Any CPU
		{0639CB91-888B-4A30-AA08-4DA5CD56EF41}.Release|Any CPU.ActiveCfg = Release|Any CPU
		{0639CB91-888B-4A30-AA08-4DA5CD56EF41}.Release|Any CPU.Build.0 = Release|Any CPU
		{E5ECE4C7-0475-45FB-B075-34181F9EE474}.Debug|Any CPU.ActiveCfg = Debug|Any CPU
		{E5ECE4C7-0475-45FB-B075-34181F9EE474}.Debug|Any CPU.Build.0 = Debug|Any CPU
		{E5ECE4C7-0475-45FB-B075-34181F9EE474}.Release|Any CPU.ActiveCfg = Release|Any CPU
		{E5ECE4C7-0475-45FB-B075-34181F9EE474}.Release|Any CPU.Build.0 = Release|Any CPU
		{0ACB5B2B-DC49-4EC1-9EB1-6ED45FA5B805}.Debug|Any CPU.ActiveCfg = Debug|Any CPU
		{0ACB5B2B-DC49-4EC1-9EB1-6ED45FA5B805}.Debug|Any CPU.Build.0 = Debug|Any CPU
		{0ACB5B2B-DC49-4EC1-9EB1-6ED45FA5B805}.Release|Any CPU.ActiveCfg = Release|Any CPU
		{0ACB5B2B-DC49-4EC1-9EB1-6ED45FA5B805}.Release|Any CPU.Build.0 = Release|Any CPU
		{CDF37B9F-83B6-4C84-A5C0-1974619C2A71}.Debug|Any CPU.ActiveCfg = Debug|Any CPU
		{CDF37B9F-83B6-4C84-A5C0-1974619C2A71}.Debug|Any CPU.Build.0 = Debug|Any CPU
		{CDF37B9F-83B6-4C84-A5C0-1974619C2A71}.Release|Any CPU.ActiveCfg = Release|Any CPU
		{CDF37B9F-83B6-4C84-A5C0-1974619C2A71}.Release|Any CPU.Build.0 = Release|Any CPU
		{ECF5A6E3-9491-42EF-82D9-EE8FB93BBD18}.Debug|Any CPU.ActiveCfg = Debug|Any CPU
		{ECF5A6E3-9491-42EF-82D9-EE8FB93BBD18}.Debug|Any CPU.Build.0 = Debug|Any CPU
		{ECF5A6E3-9491-42EF-82D9-EE8FB93BBD18}.Release|Any CPU.ActiveCfg = Release|Any CPU
		{ECF5A6E3-9491-42EF-82D9-EE8FB93BBD18}.Release|Any CPU.Build.0 = Release|Any CPU
		{253736E5-D764-4D95-93EE-C738609ABA79}.Debug|Any CPU.ActiveCfg = Debug|Any CPU
		{253736E5-D764-4D95-93EE-C738609ABA79}.Debug|Any CPU.Build.0 = Debug|Any CPU
		{253736E5-D764-4D95-93EE-C738609ABA79}.Release|Any CPU.ActiveCfg = Release|Any CPU
		{253736E5-D764-4D95-93EE-C738609ABA79}.Release|Any CPU.Build.0 = Release|Any CPU
		{63BECB67-5643-47DD-8146-941AD5438F1E}.Debug|Any CPU.ActiveCfg = Debug|Any CPU
		{63BECB67-5643-47DD-8146-941AD5438F1E}.Debug|Any CPU.Build.0 = Debug|Any CPU
		{63BECB67-5643-47DD-8146-941AD5438F1E}.Release|Any CPU.ActiveCfg = Release|Any CPU
		{63BECB67-5643-47DD-8146-941AD5438F1E}.Release|Any CPU.Build.0 = Release|Any CPU
		{DEE07270-F21E-4A2C-BF74-1FD6C024DF52}.Debug|Any CPU.ActiveCfg = Debug|Any CPU
		{DEE07270-F21E-4A2C-BF74-1FD6C024DF52}.Debug|Any CPU.Build.0 = Debug|Any CPU
		{DEE07270-F21E-4A2C-BF74-1FD6C024DF52}.Release|Any CPU.ActiveCfg = Release|Any CPU
		{DEE07270-F21E-4A2C-BF74-1FD6C024DF52}.Release|Any CPU.Build.0 = Release|Any CPU
		{91C8D15F-08EB-4164-9DD9-5DBCC89E3389}.Debug|Any CPU.ActiveCfg = Debug|Any CPU
		{91C8D15F-08EB-4164-9DD9-5DBCC89E3389}.Debug|Any CPU.Build.0 = Debug|Any CPU
		{91C8D15F-08EB-4164-9DD9-5DBCC89E3389}.Release|Any CPU.ActiveCfg = Release|Any CPU
		{91C8D15F-08EB-4164-9DD9-5DBCC89E3389}.Release|Any CPU.Build.0 = Release|Any CPU
		{9E4453EE-92C6-49CB-A901-B40F18C09C38}.Debug|Any CPU.ActiveCfg = Debug|Any CPU
		{9E4453EE-92C6-49CB-A901-B40F18C09C38}.Debug|Any CPU.Build.0 = Debug|Any CPU
		{9E4453EE-92C6-49CB-A901-B40F18C09C38}.Release|Any CPU.ActiveCfg = Release|Any CPU
		{9E4453EE-92C6-49CB-A901-B40F18C09C38}.Release|Any CPU.Build.0 = Release|Any CPU
		{340D3DB5-4443-4986-B836-9BF34431A0A8}.Debug|Any CPU.ActiveCfg = Debug|Any CPU
		{340D3DB5-4443-4986-B836-9BF34431A0A8}.Debug|Any CPU.Build.0 = Debug|Any CPU
		{340D3DB5-4443-4986-B836-9BF34431A0A8}.Release|Any CPU.ActiveCfg = Release|Any CPU
		{340D3DB5-4443-4986-B836-9BF34431A0A8}.Release|Any CPU.Build.0 = Release|Any CPU
		{6636B69F-A0FD-4BB9-BC50-A4261B4B6C42}.Debug|Any CPU.ActiveCfg = Debug|Any CPU
		{6636B69F-A0FD-4BB9-BC50-A4261B4B6C42}.Debug|Any CPU.Build.0 = Debug|Any CPU
		{6636B69F-A0FD-4BB9-BC50-A4261B4B6C42}.Release|Any CPU.ActiveCfg = Release|Any CPU
		{6636B69F-A0FD-4BB9-BC50-A4261B4B6C42}.Release|Any CPU.Build.0 = Release|Any CPU
	EndGlobalSection
	GlobalSection(SolutionProperties) = preSolution
		HideSolutionNode = FALSE
	EndGlobalSection
	GlobalSection(NestedProjects) = preSolution
		{0639CB91-888B-4A30-AA08-4DA5CD56EF41} = {C277A965-7E72-48EE-A6A4-2ABD98F316D0}
		{E5ECE4C7-0475-45FB-B075-34181F9EE474} = {C277A965-7E72-48EE-A6A4-2ABD98F316D0}
		{0ACB5B2B-DC49-4EC1-9EB1-6ED45FA5B805} = {C277A965-7E72-48EE-A6A4-2ABD98F316D0}
		{CDF37B9F-83B6-4C84-A5C0-1974619C2A71} = {980D7F3B-F325-40A5-A947-246FBCB1EA47}
		{ECF5A6E3-9491-42EF-82D9-EE8FB93BBD18} = {980D7F3B-F325-40A5-A947-246FBCB1EA47}
		{253736E5-D764-4D95-93EE-C738609ABA79} = {980D7F3B-F325-40A5-A947-246FBCB1EA47}
		{63BECB67-5643-47DD-8146-941AD5438F1E} = {9CFAF64D-5AE0-4D4B-8C98-8E5F083D0262}
		{DEE07270-F21E-4A2C-BF74-1FD6C024DF52} = {9CFAF64D-5AE0-4D4B-8C98-8E5F083D0262}
		{91C8D15F-08EB-4164-9DD9-5DBCC89E3389} = {9CFAF64D-5AE0-4D4B-8C98-8E5F083D0262}
		{9E4453EE-92C6-49CB-A901-B40F18C09C38} = {A182E9FE-544A-4891-9292-D338D066C7A5}
		{340D3DB5-4443-4986-B836-9BF34431A0A8} = {A182E9FE-544A-4891-9292-D338D066C7A5}
		{6636B69F-A0FD-4BB9-BC50-A4261B4B6C42} = {A182E9FE-544A-4891-9292-D338D066C7A5}
	EndGlobalSection
	GlobalSection(ExtensibilityGlobals) = postSolution
		SolutionGuid = {92798BB9-249B-450C-A801-41CC26DA206F}
	EndGlobalSection
EndGlobal
